
Microsoft Visual Studio Solution File, Format Version 12.00
# Visual Studio Version 17
VisualStudioVersion = 17.10.35013.160
MinimumVisualStudioVersion = 10.0.40219.1
Project("{9A19103F-16F7-4668-BE54-9A1E7A4F7556}") = "TodoApi", "TodoApi.csproj", "{315549A2-4848-4F24-AE2E-3528AF0B4056}"
EndProject
Global
	GlobalSection(SolutionConfigurationPlatforms) = preSolution
		Debug|Any CPU = Debug|Any CPU
		Release|Any CPU = Release|Any CPU
	EndGlobalSection
	GlobalSection(ProjectConfigurationPlatforms) = postSolution
		{315549A2-4848-4F24-AE2E-3528AF0B4056}.Debug|Any CPU.ActiveCfg = Debug|Any CPU
		{315549A2-4848-4F24-AE2E-3528AF0B4056}.Debug|Any CPU.Build.0 = Debug|Any CPU
		{315549A2-4848-4F24-AE2E-3528AF0B4056}.Release|Any CPU.ActiveCfg = Release|Any CPU
		{315549A2-4848-4F24-AE2E-3528AF0B4056}.Release|Any CPU.Build.0 = Release|Any CPU
	EndGlobalSection
	GlobalSection(SolutionProperties) = preSolution
		HideSolutionNode = FALSE
	EndGlobalSection
	GlobalSection(ExtensibilityGlobals) = postSolution
		SolutionGuid = {4BF66CC1-9215-4932-8CEB-B837B61A3973}
	EndGlobalSection
EndGlobal
